
Microsoft Visual Studio Solution File, Format Version 12.00
# Visual Studio Version 17
VisualStudioVersion = 17.2.32630.192
MinimumVisualStudioVersion = 10.0.40219.1
Project("{8BC9CEB8-8B4A-11D0-8D11-00A0C91BC942}") = "Lib", "Lib\Lib.vcxproj", "{C4C7FF63-8ABC-4853-87CF-C925F47DFCB1}"
EndProject
Project("{8BC9CEB8-8B4A-11D0-8D11-00A0C91BC942}") = "LibClient", "LibClient\LibClient.vcxproj", "{6F1A75D5-C850-457E-82E5-C635FD6465B4}"
EndProject
Global
	GlobalSection(SolutionConfigurationPlatforms) = preSolution
		Debug|x64 = Debug|x64
		Debug|x86 = Debug|x86
		Release|x64 = Release|x64
		Release|x86 = Release|x86
	EndGlobalSection
	GlobalSection(ProjectConfigurationPlatforms) = postSolution
		{C4C7FF63-8ABC-4853-87CF-C925F47DFCB1}.Debug|x64.ActiveCfg = Debug|x64
		{C4C7FF63-8ABC-4853-87CF-C925F47DFCB1}.Debug|x64.Build.0 = Debug|x64
		{C4C7FF63-8ABC-4853-87CF-C925F47DFCB1}.Debug|x86.ActiveCfg = Debug|Win32
		{C4C7FF63-8ABC-4853-87CF-C925F47DFCB1}.Debug|x86.Build.0 = Debug|Win32
		{C4C7FF63-8ABC-4853-87CF-C925F47DFCB1}.Release|x64.ActiveCfg = Release|x64
		{C4C7FF63-8ABC-4853-87CF-C925F47DFCB1}.Release|x64.Build.0 = Release|x64
		{C4C7FF63-8ABC-4853-87CF-C925F47DFCB1}.Release|x86.ActiveCfg = Release|Win32
		{C4C7FF63-8ABC-4853-87CF-C925F47DFCB1}.Release|x86.Build.0 = Release|Win32
		{6F1A75D5-C850-457E-82E5-C635FD6465B4}.Debug|x64.ActiveCfg = Debug|x64
		{6F1A75D5-C850-457E-82E5-C635FD6465B4}.Debug|x64.Build.0 = Debug|x64
		{6F1A75D5-C850-457E-82E5-C635FD6465B4}.Debug|x86.ActiveCfg = Debug|Win32
		{6F1A75D5-C850-457E-82E5-C635FD6465B4}.Debug|x86.Build.0 = Debug|Win32
		{6F1A75D5-C850-457E-82E5-C635FD6465B4}.Release|x64.ActiveCfg = Release|x64
		{6F1A75D5-C850-457E-82E5-C635FD6465B4}.Release|x64.Build.0 = Release|x64
		{6F1A75D5-C850-457E-82E5-C635FD6465B4}.Release|x86.ActiveCfg = Release|Win32
		{6F1A75D5-C850-457E-82E5-C635FD6465B4}.Release|x86.Build.0 = Release|Win32
	EndGlobalSection
	GlobalSection(SolutionProperties) = preSolution
		HideSolutionNode = FALSE
	EndGlobalSection
	GlobalSection(ExtensibilityGlobals) = postSolution
		SolutionGuid = {2AD39CED-5E26-4C03-82C8-C658CAEBFF3A}
	EndGlobalSection
EndGlobal
